{
  "name": "aoc",
  "version": "1.0.0",
  "lockfileVersion": 3,
  "requires": true,
  "packages": {
    "": {
      "name": "aoc",
      "version": "1.0.0",
      "license": "ISC",
      "devDependencies": {
        "@yikes2000/prettier-plugin-merge-extras": "^0.7.1-extras.4",
        "prettier": "^3.4.2"
      }
    },
    "node_modules/@yikes2000/prettier-plugin-merge-extras": {
      "version": "0.7.1-extras.4",
      "resolved": "https://registry.npmjs.org/@yikes2000/prettier-plugin-merge-extras/-/prettier-plugin-merge-extras-0.7.1-extras.4.tgz",
      "integrity": "sha512-s8GMw0M6csg6k0pjGUKEvrQT22rTI2ggz1rMlUlrA/Xguk9JqhRtUKeiLjFmRgs2zc8Tiu/CBX2tyb2pOYCaTQ==",
      "dev": true,
      "license": "MIT",
      "dependencies": {
        "diff": "5.1.0"
      },
      "engines": {
        "node": ">=14"
      },
      "peerDependencies": {
        "prettier": "^2 || ^3"
      }
    },
    "node_modules/diff": {
      "version": "5.1.0",
      "resolved": "https://registry.npmjs.org/diff/-/diff-5.1.0.tgz",
      "integrity": "sha512-D+mk+qE8VC/PAUrlAU34N+VfXev0ghe5ywmpqrawphmVZc1bEfn56uo9qpyGp1p4xpzOHkSW4ztBd6L7Xx4ACw==",
      "dev": true,
      "license": "BSD-3-Clause",
      "engines": {
        "node": ">=0.3.1"
      }
    },
    "node_modules/prettier": {
      "version": "3.4.2",
      "resolved": "https://registry.npmjs.org/prettier/-/prettier-3.4.2.tgz",
      "integrity": "sha512-e9MewbtFo+Fevyuxn/4rrcDAaq0IYxPGLvObpQjiZBMAzB9IGmzlnG9RZy3FFas+eBMu2vA0CszMeduow5dIuQ==",
      "dev": true,
      "license": "MIT",
      "bin": {
        "prettier": "bin/prettier.cjs"
      },
      "engines": {
        "node": ">=14"
      },
      "funding": {
        "url": "https://github.com/prettier/prettier?sponsor=1"
      }
    }
  }
}
